# This file is automatically @generated by Cargo.
# It is not intended for manual editing.
[[package]]
name = "hello-rust"
version = "0.1.0"
dependencies = [
 "json",
]

[[package]]
name = "json"
version = "0.12.1"
source = "registry+https://github.com/rust-lang/crates.io-index"
checksum = "9a38661a28126f8621fb246611288ae28935ddf180f5e21f2d0fbfe5e4131dbe"
